
Microsoft Visual Studio Solution File, Format Version 12.00
Project("{2150E333-8FDC-42A3-9474-1A3956D46DE8}") = "Server", "Server", "{A74B166C-9BF0-445C-8D8C-0ED013BB4083}"
EndProject
Project("{FAE04EC0-301F-11D3-BF4B-00C04F79EFBC}") = "Entities", "Entities\Entities.csproj", "{E6E45D85-E7FE-49B3-B6DD-2A7FC40319DE}"
EndProject
Project("{FAE04EC0-301F-11D3-BF4B-00C04F79EFBC}") = "RepositoryContracts", "RepositoryContracts\RepositoryContracts.csproj", "{5E0BC787-C7B5-497E-8CCE-EB70D4AB898D}"
EndProject
Project("{FAE04EC0-301F-11D3-BF4B-00C04F79EFBC}") = "InMemoryepositories", "InMemoryepositories\InMemoryepositories.csproj", "{E62F197E-52CC-4BFA-BC60-96FAEB01280B}"
EndProject
Project("{FAE04EC0-301F-11D3-BF4B-00C04F79EFBC}") = "CLI", "CLI\CLI.csproj", "{27C6CB54-5A48-416A-A154-DD2ED12D3FE4}"
EndProject
Project("{FAE04EC0-301F-11D3-BF4B-00C04F79EFBC}") = "FileRepository", "Server\FileRepository\FileRepository.csproj", "{6F70AD82-47DE-408F-966A-DCA48890C50F}"
EndProject
Project("{2150E333-8FDC-42A3-9474-1A3956D46DE8}") = "Shared", "Shared", "{216A4870-042E-454D-A177-FCC4A621ECEE}"
EndProject
Project("{FAE04EC0-301F-11D3-BF4B-00C04F79EFBC}") = "ApiContracts", "Shared\ApiContracts\ApiContracts.csproj", "{18C290F5-EB1D-4CFA-8BFD-9594BF63D79F}"
EndProject
Project("{FAE04EC0-301F-11D3-BF4B-00C04F79EFBC}") = "WebAPI", "Server\WebAPI\WebAPI.csproj", "{01347547-E9C8-416A-AFEE-B64814369845}"
EndProject
Global
	GlobalSection(SolutionConfigurationPlatforms) = preSolution
		Debug|Any CPU = Debug|Any CPU
		Release|Any CPU = Release|Any CPU
	EndGlobalSection
	GlobalSection(NestedProjects) = preSolution
		{E6E45D85-E7FE-49B3-B6DD-2A7FC40319DE} = {A74B166C-9BF0-445C-8D8C-0ED013BB4083}
		{5E0BC787-C7B5-497E-8CCE-EB70D4AB898D} = {A74B166C-9BF0-445C-8D8C-0ED013BB4083}
		{E62F197E-52CC-4BFA-BC60-96FAEB01280B} = {A74B166C-9BF0-445C-8D8C-0ED013BB4083}
		{27C6CB54-5A48-416A-A154-DD2ED12D3FE4} = {A74B166C-9BF0-445C-8D8C-0ED013BB4083}
		{6F70AD82-47DE-408F-966A-DCA48890C50F} = {A74B166C-9BF0-445C-8D8C-0ED013BB4083}
		{18C290F5-EB1D-4CFA-8BFD-9594BF63D79F} = {216A4870-042E-454D-A177-FCC4A621ECEE}
		{01347547-E9C8-416A-AFEE-B64814369845} = {A74B166C-9BF0-445C-8D8C-0ED013BB4083}
	EndGlobalSection
	GlobalSection(ProjectConfigurationPlatforms) = postSolution
		{E6E45D85-E7FE-49B3-B6DD-2A7FC40319DE}.Debug|Any CPU.ActiveCfg = Debug|Any CPU
		{E6E45D85-E7FE-49B3-B6DD-2A7FC40319DE}.Debug|Any CPU.Build.0 = Debug|Any CPU
		{E6E45D85-E7FE-49B3-B6DD-2A7FC40319DE}.Release|Any CPU.ActiveCfg = Release|Any CPU
		{E6E45D85-E7FE-49B3-B6DD-2A7FC40319DE}.Release|Any CPU.Build.0 = Release|Any CPU
		{5E0BC787-C7B5-497E-8CCE-EB70D4AB898D}.Debug|Any CPU.ActiveCfg = Debug|Any CPU
		{5E0BC787-C7B5-497E-8CCE-EB70D4AB898D}.Debug|Any CPU.Build.0 = Debug|Any CPU
		{5E0BC787-C7B5-497E-8CCE-EB70D4AB898D}.Release|Any CPU.ActiveCfg = Release|Any CPU
		{5E0BC787-C7B5-497E-8CCE-EB70D4AB898D}.Release|Any CPU.Build.0 = Release|Any CPU
		{E62F197E-52CC-4BFA-BC60-96FAEB01280B}.Debug|Any CPU.ActiveCfg = Debug|Any CPU
		{E62F197E-52CC-4BFA-BC60-96FAEB01280B}.Debug|Any CPU.Build.0 = Debug|Any CPU
		{E62F197E-52CC-4BFA-BC60-96FAEB01280B}.Release|Any CPU.ActiveCfg = Release|Any CPU
		{E62F197E-52CC-4BFA-BC60-96FAEB01280B}.Release|Any CPU.Build.0 = Release|Any CPU
		{27C6CB54-5A48-416A-A154-DD2ED12D3FE4}.Debug|Any CPU.ActiveCfg = Debug|Any CPU
		{27C6CB54-5A48-416A-A154-DD2ED12D3FE4}.Debug|Any CPU.Build.0 = Debug|Any CPU
		{27C6CB54-5A48-416A-A154-DD2ED12D3FE4}.Release|Any CPU.ActiveCfg = Release|Any CPU
		{27C6CB54-5A48-416A-A154-DD2ED12D3FE4}.Release|Any CPU.Build.0 = Release|Any CPU
		{6F70AD82-47DE-408F-966A-DCA48890C50F}.Debug|Any CPU.ActiveCfg = Debug|Any CPU
		{6F70AD82-47DE-408F-966A-DCA48890C50F}.Debug|Any CPU.Build.0 = Debug|Any CPU
		{6F70AD82-47DE-408F-966A-DCA48890C50F}.Release|Any CPU.ActiveCfg = Release|Any CPU
		{6F70AD82-47DE-408F-966A-DCA48890C50F}.Release|Any CPU.Build.0 = Release|Any CPU
		{18C290F5-EB1D-4CFA-8BFD-9594BF63D79F}.Debug|Any CPU.ActiveCfg = Debug|Any CPU
		{18C290F5-EB1D-4CFA-8BFD-9594BF63D79F}.Debug|Any CPU.Build.0 = Debug|Any CPU
		{18C290F5-EB1D-4CFA-8BFD-9594BF63D79F}.Release|Any CPU.ActiveCfg = Release|Any CPU
		{18C290F5-EB1D-4CFA-8BFD-9594BF63D79F}.Release|Any CPU.Build.0 = Release|Any CPU
		{01347547-E9C8-416A-AFEE-B64814369845}.Debug|Any CPU.ActiveCfg = Debug|Any CPU
		{01347547-E9C8-416A-AFEE-B64814369845}.Debug|Any CPU.Build.0 = Debug|Any CPU
		{01347547-E9C8-416A-AFEE-B64814369845}.Release|Any CPU.ActiveCfg = Release|Any CPU
		{01347547-E9C8-416A-AFEE-B64814369845}.Release|Any CPU.Build.0 = Release|Any CPU
	EndGlobalSection
EndGlobal
